// !$*UTF8*$!
{
	archiveVersion = 1;
	classes = {
	};
	objectVersion = 55;
	objects = {

/* Begin PBXBuildFile section */
		7208F29128285CD000DC3183 /* HeaderComponent.swift in Sources */ = {isa = PBXBuildFile; fileRef = 7208F29028285CD000DC3183 /* HeaderComponent.swift */; };
		7208F29328285DE400DC3183 /* Launch Screen.storyboard in Resources */ = {isa = PBXBuildFile; fileRef = 7208F29228285DE400DC3183 /* Launch Screen.storyboard */; };
		721E624128300FA2004313C8 /* Apollo in Frameworks */ = {isa = PBXBuildFile; productRef = 721E624028300FA2004313C8 /* Apollo */; };
		721E62442830156E004313C8 /* RecipeQuery.graphql in Resources */ = {isa = PBXBuildFile; fileRef = 721E62432830156E004313C8 /* RecipeQuery.graphql */; };
		721E624D283019B6004313C8 /* Network.swift in Sources */ = {isa = PBXBuildFile; fileRef = 721E624C283019B6004313C8 /* Network.swift */; };
		721E624F28301A0D004313C8 /* HomeViewModel.swift in Sources */ = {isa = PBXBuildFile; fileRef = 721E624E28301A0D004313C8 /* HomeViewModel.swift */; };
		721E625228301B15004313C8 /* Recipe.swift in Sources */ = {isa = PBXBuildFile; fileRef = 721E625128301B15004313C8 /* Recipe.swift */; };
		727BB72D2829A7B100774192 /* PopularCard.swift in Sources */ = {isa = PBXBuildFile; fileRef = 727BB72C2829A7B100774192 /* PopularCard.swift */; };
		727BB72F2829B51B00774192 /* RecipeView.swift in Sources */ = {isa = PBXBuildFile; fileRef = 727BB72E2829B51B00774192 /* RecipeView.swift */; };
		729449092831326100F7501E /* schema.json in Resources */ = {isa = PBXBuildFile; fileRef = 729449082831326100F7501E /* schema.json */; };
		7294490B2831333700F7501E /* API.swift in Sources */ = {isa = PBXBuildFile; fileRef = 7294490A2831333700F7501E /* API.swift */; };
		7294490D2831404300F7501E /* CardComponentRedacted.swift in Sources */ = {isa = PBXBuildFile; fileRef = 7294490C2831404300F7501E /* CardComponentRedacted.swift */; };
		7294491128314B9700F7501E /* ListRow.swift in Sources */ = {isa = PBXBuildFile; fileRef = 7294491028314B9700F7501E /* ListRow.swift */; };
		7294491328314F8000F7501E /* SearchViewModel.swift in Sources */ = {isa = PBXBuildFile; fileRef = 7294491228314F8000F7501E /* SearchViewModel.swift */; };
		729449152831533100F7501E /* RecipeViewModel.swift in Sources */ = {isa = PBXBuildFile; fileRef = 729449142831533100F7501E /* RecipeViewModel.swift */; };
		72C94985282821D20037B76A /* CardComponent.swift in Sources */ = {isa = PBXBuildFile; fileRef = 72C94984282821D20037B76A /* CardComponent.swift */; };
		72C94988282826E00037B76A /* HomeView.swift in Sources */ = {isa = PBXBuildFile; fileRef = 72C94987282826E00037B76A /* HomeView.swift */; };
		72C9498A282827920037B76A /* AccountView.swift in Sources */ = {isa = PBXBuildFile; fileRef = 72C94989282827920037B76A /* AccountView.swift */; };
		72C9498C282828300037B76A /* SearchView.swift in Sources */ = {isa = PBXBuildFile; fileRef = 72C9498B282828300037B76A /* SearchView.swift */; };
		72C9498F2828379D0037B76A /* FASwiftUI in Frameworks */ = {isa = PBXBuildFile; productRef = 72C9498E2828379D0037B76A /* FASwiftUI */; };
		72C9499D28283B9A0037B76A /* Awesome in Frameworks */ = {isa = PBXBuildFile; productRef = 72C9499C28283B9A0037B76A /* Awesome */; };
		72C949A02828582C0037B76A /* PreferenceKeys.swift in Sources */ = {isa = PBXBuildFile; fileRef = 72C9499F2828582C0037B76A /* PreferenceKeys.swift */; };
		72EF609728281416001A42CD /* HobHacks_iOSApp.swift in Sources */ = {isa = PBXBuildFile; fileRef = 72EF609628281416001A42CD /* HobHacks_iOSApp.swift */; };
		72EF609928281416001A42CD /* ContentView.swift in Sources */ = {isa = PBXBuildFile; fileRef = 72EF609828281416001A42CD /* ContentView.swift */; };
		72EF609B28281417001A42CD /* Assets.xcassets in Resources */ = {isa = PBXBuildFile; fileRef = 72EF609A28281417001A42CD /* Assets.xcassets */; };
		72EF609E28281417001A42CD /* Preview Assets.xcassets in Resources */ = {isa = PBXBuildFile; fileRef = 72EF609D28281417001A42CD /* Preview Assets.xcassets */; };
/* End PBXBuildFile section */

/* Begin PBXFileReference section */
		7208F29028285CD000DC3183 /* HeaderComponent.swift */ = {isa = PBXFileReference; lastKnownFileType = sourcecode.swift; path = HeaderComponent.swift; sourceTree = "<group>"; };
		7208F29228285DE400DC3183 /* Launch Screen.storyboard */ = {isa = PBXFileReference; lastKnownFileType = file.storyboard; path = "Launch Screen.storyboard"; sourceTree = "<group>"; };
		721E62432830156E004313C8 /* RecipeQuery.graphql */ = {isa = PBXFileReference; lastKnownFileType = text; path = RecipeQuery.graphql; sourceTree = "<group>"; };
		721E624C283019B6004313C8 /* Network.swift */ = {isa = PBXFileReference; lastKnownFileType = sourcecode.swift; path = Network.swift; sourceTree = "<group>"; };
		721E624E28301A0D004313C8 /* HomeViewModel.swift */ = {isa = PBXFileReference; lastKnownFileType = sourcecode.swift; path = HomeViewModel.swift; sourceTree = "<group>"; };
		721E625128301B15004313C8 /* Recipe.swift */ = {isa = PBXFileReference; lastKnownFileType = sourcecode.swift; path = Recipe.swift; sourceTree = "<group>"; };
		727BB72C2829A7B100774192 /* PopularCard.swift */ = {isa = PBXFileReference; lastKnownFileType = sourcecode.swift; path = PopularCard.swift; sourceTree = "<group>"; };
		727BB72E2829B51B00774192 /* RecipeView.swift */ = {isa = PBXFileReference; lastKnownFileType = sourcecode.swift; path = RecipeView.swift; sourceTree = "<group>"; };
		729449082831326100F7501E /* schema.json */ = {isa = PBXFileReference; fileEncoding = 4; lastKnownFileType = text.json; path = schema.json; sourceTree = "<group>"; };
		7294490A2831333700F7501E /* API.swift */ = {isa = PBXFileReference; fileEncoding = 4; lastKnownFileType = sourcecode.swift; path = API.swift; sourceTree = "<group>"; };
		7294490C2831404300F7501E /* CardComponentRedacted.swift */ = {isa = PBXFileReference; lastKnownFileType = sourcecode.swift; path = CardComponentRedacted.swift; sourceTree = "<group>"; };
		7294491028314B9700F7501E /* ListRow.swift */ = {isa = PBXFileReference; lastKnownFileType = sourcecode.swift; path = ListRow.swift; sourceTree = "<group>"; };
		7294491228314F8000F7501E /* SearchViewModel.swift */ = {isa = PBXFileReference; lastKnownFileType = sourcecode.swift; path = SearchViewModel.swift; sourceTree = "<group>"; };
		729449142831533100F7501E /* RecipeViewModel.swift */ = {isa = PBXFileReference; lastKnownFileType = sourcecode.swift; path = RecipeViewModel.swift; sourceTree = "<group>"; };
		72C94984282821D20037B76A /* CardComponent.swift */ = {isa = PBXFileReference; lastKnownFileType = sourcecode.swift; path = CardComponent.swift; sourceTree = "<group>"; };
		72C94987282826E00037B76A /* HomeView.swift */ = {isa = PBXFileReference; lastKnownFileType = sourcecode.swift; path = HomeView.swift; sourceTree = "<group>"; };
		72C94989282827920037B76A /* AccountView.swift */ = {isa = PBXFileReference; lastKnownFileType = sourcecode.swift; path = AccountView.swift; sourceTree = "<group>"; };
		72C9498B282828300037B76A /* SearchView.swift */ = {isa = PBXFileReference; lastKnownFileType = sourcecode.swift; path = SearchView.swift; sourceTree = "<group>"; };
		72C9499A282839A80037B76A /* HobHacks-iOS-Info.plist */ = {isa = PBXFileReference; lastKnownFileType = text.plist; path = "HobHacks-iOS-Info.plist"; sourceTree = SOURCE_ROOT; };
		72C9499F2828582C0037B76A /* PreferenceKeys.swift */ = {isa = PBXFileReference; lastKnownFileType = sourcecode.swift; path = PreferenceKeys.swift; sourceTree = "<group>"; };
		72EF609328281416001A42CD /* HobHacks_iOS.app */ = {isa = PBXFileReference; explicitFileType = wrapper.application; includeInIndex = 0; path = HobHacks_iOS.app; sourceTree = BUILT_PRODUCTS_DIR; };
		72EF609628281416001A42CD /* HobHacks_iOSApp.swift */ = {isa = PBXFileReference; lastKnownFileType = sourcecode.swift; path = HobHacks_iOSApp.swift; sourceTree = "<group>"; };
		72EF609828281416001A42CD /* ContentView.swift */ = {isa = PBXFileReference; lastKnownFileType = sourcecode.swift; path = ContentView.swift; sourceTree = "<group>"; };
		72EF609A28281417001A42CD /* Assets.xcassets */ = {isa = PBXFileReference; lastKnownFileType = folder.assetcatalog; path = Assets.xcassets; sourceTree = "<group>"; };
		72EF609D28281417001A42CD /* Preview Assets.xcassets */ = {isa = PBXFileReference; lastKnownFileType = folder.assetcatalog; path = "Preview Assets.xcassets"; sourceTree = "<group>"; };
/* End PBXFileReference section */

/* Begin PBXFrameworksBuildPhase section */
		72EF609028281416001A42CD /* Frameworks */ = {
			isa = PBXFrameworksBuildPhase;
			buildActionMask = 2147483647;
			files = (
				72C9499D28283B9A0037B76A /* Awesome in Frameworks */,
				721E624128300FA2004313C8 /* Apollo in Frameworks */,
				72C9498F2828379D0037B76A /* FASwiftUI in Frameworks */,
			);
			runOnlyForDeploymentPostprocessing = 0;
		};
/* End PBXFrameworksBuildPhase section */

/* Begin PBXGroup section */
		721E62422830153A004313C8 /* Queries */ = {
			isa = PBXGroup;
			children = (
				721E62432830156E004313C8 /* RecipeQuery.graphql */,
			);
			path = Queries;
			sourceTree = "<group>";
		};
		721E624A28301986004313C8 /* ViewModels */ = {
			isa = PBXGroup;
			children = (
				721E624E28301A0D004313C8 /* HomeViewModel.swift */,
				7294491228314F8000F7501E /* SearchViewModel.swift */,
				729449142831533100F7501E /* RecipeViewModel.swift */,
			);
			path = ViewModels;
			sourceTree = "<group>";
		};
		721E625028301B0C004313C8 /* Model */ = {
			isa = PBXGroup;
			children = (
				721E625128301B15004313C8 /* Recipe.swift */,
			);
			path = Model;
			sourceTree = "<group>";
		};
		72C94983282821C30037B76A /* Components */ = {
			isa = PBXGroup;
			children = (
				72C94984282821D20037B76A /* CardComponent.swift */,
				7208F29028285CD000DC3183 /* HeaderComponent.swift */,
				727BB72C2829A7B100774192 /* PopularCard.swift */,
				7294490C2831404300F7501E /* CardComponentRedacted.swift */,
				7294491028314B9700F7501E /* ListRow.swift */,
			);
			path = Components;
			sourceTree = "<group>";
		};
		72C94986282826D70037B76A /* Views */ = {
			isa = PBXGroup;
			children = (
				72EF609828281416001A42CD /* ContentView.swift */,
				72C94987282826E00037B76A /* HomeView.swift */,
				72C94989282827920037B76A /* AccountView.swift */,
				72C9498B282828300037B76A /* SearchView.swift */,
				727BB72E2829B51B00774192 /* RecipeView.swift */,
			);
			path = Views;
			sourceTree = "<group>";
		};
		72C94990282838E70037B76A /* Utils */ = {
			isa = PBXGroup;
			children = (
				721E624C283019B6004313C8 /* Network.swift */,
			);
			path = Utils;
			sourceTree = "<group>";
		};
		72C9499E282858170037B76A /* Animations */ = {
			isa = PBXGroup;
			children = (
				72EF609A28281417001A42CD /* Assets.xcassets */,
				72C9499F2828582C0037B76A /* PreferenceKeys.swift */,
			);
			path = Animations;
			sourceTree = "<group>";
		};
		72EF608A28281416001A42CD = {
			isa = PBXGroup;
			children = (
				72EF609528281416001A42CD /* HobHacks_iOS */,
				729449082831326100F7501E /* schema.json */,
				7294490A2831333700F7501E /* API.swift */,
				72EF609428281416001A42CD /* Products */,
			);
			sourceTree = "<group>";
		};
		72EF609428281416001A42CD /* Products */ = {
			isa = PBXGroup;
			children = (
				72EF609328281416001A42CD /* HobHacks_iOS.app */,
			);
			name = Products;
			sourceTree = "<group>";
		};
		72EF609528281416001A42CD /* HobHacks_iOS */ = {
			isa = PBXGroup;
			children = (
				72C9499A282839A80037B76A /* HobHacks-iOS-Info.plist */,
				72EF609628281416001A42CD /* HobHacks_iOSApp.swift */,
				7208F29228285DE400DC3183 /* Launch Screen.storyboard */,
				72C94990282838E70037B76A /* Utils */,
				72C94986282826D70037B76A /* Views */,
				721E624A28301986004313C8 /* ViewModels */,
				72C94983282821C30037B76A /* Components */,
				721E625028301B0C004313C8 /* Model */,
				72C9499E282858170037B76A /* Animations */,
				721E62422830153A004313C8 /* Queries */,
				72EF609C28281417001A42CD /* Preview Content */,
			);
			path = HobHacks_iOS;
			sourceTree = "<group>";
		};
		72EF609C28281417001A42CD /* Preview Content */ = {
			isa = PBXGroup;
			children = (
				72EF609D28281417001A42CD /* Preview Assets.xcassets */,
			);
			path = "Preview Content";
			sourceTree = "<group>";
		};
/* End PBXGroup section */

/* Begin PBXNativeTarget section */
		72EF609228281416001A42CD /* HobHacks_iOS */ = {
			isa = PBXNativeTarget;
			buildConfigurationList = 72EF60A128281417001A42CD /* Build configuration list for PBXNativeTarget "HobHacks_iOS" */;
			buildPhases = (
				72EF608F28281416001A42CD /* Sources */,
				72EF609028281416001A42CD /* Frameworks */,
				72EF609128281416001A42CD /* Resources */,
				721E6247283018B0004313C8 /* Generate Apollo GraphQL API */,
			);
			buildRules = (
			);
			dependencies = (
			);
			name = HobHacks_iOS;
			packageProductDependencies = (
				72C9498E2828379D0037B76A /* FASwiftUI */,
				72C9499C28283B9A0037B76A /* Awesome */,
				721E624028300FA2004313C8 /* Apollo */,
			);
			productName = HobHacks_iOS;
			productReference = 72EF609328281416001A42CD /* HobHacks_iOS.app */;
			productType = "com.apple.product-type.application";
		};
/* End PBXNativeTarget section */

/* Begin PBXProject section */
		72EF608B28281416001A42CD /* Project object */ = {
			isa = PBXProject;
			attributes = {
				BuildIndependentTargetsInParallel = 1;
				LastSwiftUpdateCheck = 1330;
				LastUpgradeCheck = 1330;
				TargetAttributes = {
					72EF609228281416001A42CD = {
						CreatedOnToolsVersion = 13.3.1;
					};
				};
			};
			buildConfigurationList = 72EF608E28281416001A42CD /* Build configuration list for PBXProject "HobHacks_iOS" */;
			compatibilityVersion = "Xcode 13.0";
			developmentRegion = en;
			hasScannedForEncodings = 0;
			knownRegions = (
				en,
				Base,
			);
			mainGroup = 72EF608A28281416001A42CD;
			packageReferences = (
				72C9498D2828379D0037B76A /* XCRemoteSwiftPackageReference "FASwiftUI" */,
				72C9499B28283B9A0037B76A /* XCRemoteSwiftPackageReference "Awesome" */,
				721E623F28300FA2004313C8 /* XCRemoteSwiftPackageReference "apollo-ios" */,
			);
			productRefGroup = 72EF609428281416001A42CD /* Products */;
			projectDirPath = "";
			projectRoot = "";
			targets = (
				72EF609228281416001A42CD /* HobHacks_iOS */,
			);
		};
/* End PBXProject section */

/* Begin PBXResourcesBuildPhase section */
		72EF609128281416001A42CD /* Resources */ = {
			isa = PBXResourcesBuildPhase;
			buildActionMask = 2147483647;
			files = (
				7208F29328285DE400DC3183 /* Launch Screen.storyboard in Resources */,
				729449092831326100F7501E /* schema.json in Resources */,
				72EF609E28281417001A42CD /* Preview Assets.xcassets in Resources */,
				721E62442830156E004313C8 /* RecipeQuery.graphql in Resources */,
				72EF609B28281417001A42CD /* Assets.xcassets in Resources */,
			);
			runOnlyForDeploymentPostprocessing = 0;
		};
/* End PBXResourcesBuildPhase section */

/* Begin PBXShellScriptBuildPhase section */
		721E6247283018B0004313C8 /* Generate Apollo GraphQL API */ = {
			isa = PBXShellScriptBuildPhase;
			buildActionMask = 8;
			files = (
			);
			inputFileListPaths = (
			);
			inputPaths = (
			);
			name = "Generate Apollo GraphQL API";
			outputFileListPaths = (
			);
			outputPaths = (
			);
			runOnlyForDeploymentPostprocessing = 1;
			shellPath = /bin/sh;
			shellScript = "# Go to the build root and search up the chain to find the Derived Data Path where the source packages are checked out.\nDERIVED_DATA_CANDIDATE=\"${BUILD_ROOT}\"\n\nwhile ! [ -d \"${DERIVED_DATA_CANDIDATE}/SourcePackages\" ]; do\n  if [ \"${DERIVED_DATA_CANDIDATE}\" = / ]; then\n    echo >&2 \"error: Unable to locate SourcePackages directory from BUILD_ROOT: '${BUILD_ROOT}'\"\n    exit 1\n  fi\n\n  DERIVED_DATA_CANDIDATE=\"$(dirname \"${DERIVED_DATA_CANDIDATE}\")\"\ndone\n\n# Grab a reference to the directory where scripts are checked out\nSCRIPT_PATH=\"${DERIVED_DATA_CANDIDATE}/SourcePackages/checkouts/apollo-ios/scripts\"\n\nif [ -z \"${SCRIPT_PATH}\" ]; then\n    echo >&2 \"error: Couldn't find the CLI script in your checked out SPM packages; make sure to add the framework to your project.\"\n    exit 1\nfi\n\ncd \"${SRCROOT}/${TARGET_NAME}\"\n\"${SCRIPT_PATH}\"/run-bundled-codegen.sh codegen:generate --target=swift --includes=./**/*.graphql --localSchemaFile=\"schema.json\" API.swift\n";
		};
/* End PBXShellScriptBuildPhase section */

/* Begin PBXSourcesBuildPhase section */
		72EF608F28281416001A42CD /* Sources */ = {
			isa = PBXSourcesBuildPhase;
			buildActionMask = 2147483647;
			files = (
				72C94985282821D20037B76A /* CardComponent.swift in Sources */,
				721E624D283019B6004313C8 /* Network.swift in Sources */,
				72C94988282826E00037B76A /* HomeView.swift in Sources */,
				72EF609928281416001A42CD /* ContentView.swift in Sources */,
				72C949A02828582C0037B76A /* PreferenceKeys.swift in Sources */,
				727BB72F2829B51B00774192 /* RecipeView.swift in Sources */,
				7294490B2831333700F7501E /* API.swift in Sources */,
				7294490D2831404300F7501E /* CardComponentRedacted.swift in Sources */,
				7208F29128285CD000DC3183 /* HeaderComponent.swift in Sources */,
				721E624F28301A0D004313C8 /* HomeViewModel.swift in Sources */,
				729449152831533100F7501E /* RecipeViewModel.swift in Sources */,
				721E625228301B15004313C8 /* Recipe.swift in Sources */,
				727BB72D2829A7B100774192 /* PopularCard.swift in Sources */,
				7294491128314B9700F7501E /* ListRow.swift in Sources */,
				72EF609728281416001A42CD /* HobHacks_iOSApp.swift in Sources */,
				7294491328314F8000F7501E /* SearchViewModel.swift in Sources */,
				72C9498C282828300037B76A /* SearchView.swift in Sources */,
				72C9498A282827920037B76A /* AccountView.swift in Sources */,
			);
			runOnlyForDeploymentPostprocessing = 0;
		};
/* End PBXSourcesBuildPhase section */

/* Begin XCBuildConfiguration section */
		72EF609F28281417001A42CD /* Debug */ = {
			isa = XCBuildConfiguration;
			buildSettings = {
				ALWAYS_SEARCH_USER_PATHS = NO;
				CLANG_ANALYZER_NONNULL = YES;
				CLANG_ANALYZER_NUMBER_OBJECT_CONVERSION = YES_AGGRESSIVE;
				CLANG_CXX_LANGUAGE_STANDARD = "gnu++17";
				CLANG_ENABLE_MODULES = YES;
				CLANG_ENABLE_OBJC_ARC = YES;
				CLANG_ENABLE_OBJC_WEAK = YES;
				CLANG_WARN_BLOCK_CAPTURE_AUTORELEASING = YES;
				CLANG_WARN_BOOL_CONVERSION = YES;
				CLANG_WARN_COMMA = YES;
				CLANG_WARN_CONSTANT_CONVERSION = YES;
				CLANG_WARN_DEPRECATED_OBJC_IMPLEMENTATIONS = YES;
				CLANG_WARN_DIRECT_OBJC_ISA_USAGE = YES_ERROR;
				CLANG_WARN_DOCUMENTATION_COMMENTS = YES;
				CLANG_WARN_EMPTY_BODY = YES;
				CLANG_WARN_ENUM_CONVERSION = YES;
				CLANG_WARN_INFINITE_RECURSION = YES;
				CLANG_WARN_INT_CONVERSION = YES;
				CLANG_WARN_NON_LITERAL_NULL_CONVERSION = YES;
				CLANG_WARN_OBJC_IMPLICIT_RETAIN_SELF = YES;
				CLANG_WARN_OBJC_LITERAL_CONVERSION = YES;
				CLANG_WARN_OBJC_ROOT_CLASS = YES_ERROR;
				CLANG_WARN_QUOTED_INCLUDE_IN_FRAMEWORK_HEADER = YES;
				CLANG_WARN_RANGE_LOOP_ANALYSIS = YES;
				CLANG_WARN_STRICT_PROTOTYPES = YES;
				CLANG_WARN_SUSPICIOUS_MOVE = YES;
				CLANG_WARN_UNGUARDED_AVAILABILITY = YES_AGGRESSIVE;
				CLANG_WARN_UNREACHABLE_CODE = YES;
				CLANG_WARN__DUPLICATE_METHOD_MATCH = YES;
				COPY_PHASE_STRIP = NO;
				DEBUG_INFORMATION_FORMAT = dwarf;
				ENABLE_STRICT_OBJC_MSGSEND = YES;
				ENABLE_TESTABILITY = YES;
				GCC_C_LANGUAGE_STANDARD = gnu11;
				GCC_DYNAMIC_NO_PIC = NO;
				GCC_NO_COMMON_BLOCKS = YES;
				GCC_OPTIMIZATION_LEVEL = 0;
				GCC_PREPROCESSOR_DEFINITIONS = (
					"DEBUG=1",
					"$(inherited)",
				);
				GCC_WARN_64_TO_32_BIT_CONVERSION = YES;
				GCC_WARN_ABOUT_RETURN_TYPE = YES_ERROR;
				GCC_WARN_UNDECLARED_SELECTOR = YES;
				GCC_WARN_UNINITIALIZED_AUTOS = YES_AGGRESSIVE;
				GCC_WARN_UNUSED_FUNCTION = YES;
				GCC_WARN_UNUSED_VARIABLE = YES;
				IPHONEOS_DEPLOYMENT_TARGET = 15.4;
				MTL_ENABLE_DEBUG_INFO = INCLUDE_SOURCE;
				MTL_FAST_MATH = YES;
				ONLY_ACTIVE_ARCH = YES;
				SDKROOT = iphoneos;
				SWIFT_ACTIVE_COMPILATION_CONDITIONS = DEBUG;
				SWIFT_OPTIMIZATION_LEVEL = "-Onone";
			};
			name = Debug;
		};
		72EF60A028281417001A42CD /* Release */ = {
			isa = XCBuildConfiguration;
			buildSettings = {
				ALWAYS_SEARCH_USER_PATHS = NO;
				CLANG_ANALYZER_NONNULL = YES;
				CLANG_ANALYZER_NUMBER_OBJECT_CONVERSION = YES_AGGRESSIVE;
				CLANG_CXX_LANGUAGE_STANDARD = "gnu++17";
				CLANG_ENABLE_MODULES = YES;
				CLANG_ENABLE_OBJC_ARC = YES;
				CLANG_ENABLE_OBJC_WEAK = YES;
				CLANG_WARN_BLOCK_CAPTURE_AUTORELEASING = YES;
				CLANG_WARN_BOOL_CONVERSION = YES;
				CLANG_WARN_COMMA = YES;
				CLANG_WARN_CONSTANT_CONVERSION = YES;
				CLANG_WARN_DEPRECATED_OBJC_IMPLEMENTATIONS = YES;
				CLANG_WARN_DIRECT_OBJC_ISA_USAGE = YES_ERROR;
				CLANG_WARN_DOCUMENTATION_COMMENTS = YES;
				CLANG_WARN_EMPTY_BODY = YES;
				CLANG_WARN_ENUM_CONVERSION = YES;
				CLANG_WARN_INFINITE_RECURSION = YES;
				CLANG_WARN_INT_CONVERSION = YES;
				CLANG_WARN_NON_LITERAL_NULL_CONVERSION = YES;
				CLANG_WARN_OBJC_IMPLICIT_RETAIN_SELF = YES;
				CLANG_WARN_OBJC_LITERAL_CONVERSION = YES;
				CLANG_WARN_OBJC_ROOT_CLASS = YES_ERROR;
				CLANG_WARN_QUOTED_INCLUDE_IN_FRAMEWORK_HEADER = YES;
				CLANG_WARN_RANGE_LOOP_ANALYSIS = YES;
				CLANG_WARN_STRICT_PROTOTYPES = YES;
				CLANG_WARN_SUSPICIOUS_MOVE = YES;
				CLANG_WARN_UNGUARDED_AVAILABILITY = YES_AGGRESSIVE;
				CLANG_WARN_UNREACHABLE_CODE = YES;
				CLANG_WARN__DUPLICATE_METHOD_MATCH = YES;
				COPY_PHASE_STRIP = NO;
				DEBUG_INFORMATION_FORMAT = "dwarf-with-dsym";
				ENABLE_NS_ASSERTIONS = NO;
				ENABLE_STRICT_OBJC_MSGSEND = YES;
				GCC_C_LANGUAGE_STANDARD = gnu11;
				GCC_NO_COMMON_BLOCKS = YES;
				GCC_WARN_64_TO_32_BIT_CONVERSION = YES;
				GCC_WARN_ABOUT_RETURN_TYPE = YES_ERROR;
				GCC_WARN_UNDECLARED_SELECTOR = YES;
				GCC_WARN_UNINITIALIZED_AUTOS = YES_AGGRESSIVE;
				GCC_WARN_UNUSED_FUNCTION = YES;
				GCC_WARN_UNUSED_VARIABLE = YES;
				IPHONEOS_DEPLOYMENT_TARGET = 15.4;
				MTL_ENABLE_DEBUG_INFO = NO;
				MTL_FAST_MATH = YES;
				SDKROOT = iphoneos;
				SWIFT_COMPILATION_MODE = wholemodule;
				SWIFT_OPTIMIZATION_LEVEL = "-O";
				VALIDATE_PRODUCT = YES;
			};
			name = Release;
		};
		72EF60A228281417001A42CD /* Debug */ = {
			isa = XCBuildConfiguration;
			buildSettings = {
				ASSETCATALOG_COMPILER_APPICON_NAME = AppIcon;
				ASSETCATALOG_COMPILER_GLOBAL_ACCENT_COLOR_NAME = AccentColor;
				CODE_SIGN_STYLE = Automatic;
				CURRENT_PROJECT_VERSION = 1;
				DEVELOPMENT_ASSET_PATHS = "\"HobHacks_iOS/Preview Content\"";
				DEVELOPMENT_TEAM = C4R639S8VW;
				ENABLE_PREVIEWS = YES;
				GENERATE_INFOPLIST_FILE = YES;
				INFOPLIST_FILE = "HobHacks-iOS-Info.plist";
				INFOPLIST_KEY_LSApplicationCategoryType = "";
				INFOPLIST_KEY_UIApplicationSceneManifest_Generation = YES;
				INFOPLIST_KEY_UIApplicationSupportsIndirectInputEvents = YES;
				INFOPLIST_KEY_UILaunchScreen_Generation = YES;
				INFOPLIST_KEY_UILaunchStoryboardName = "Launch Screen";
				INFOPLIST_KEY_UIStatusBarHidden = NO;
				INFOPLIST_KEY_UISupportedInterfaceOrientations_iPad = "UIInterfaceOrientationPortrait UIInterfaceOrientationPortraitUpsideDown UIInterfaceOrientationLandscapeLeft UIInterfaceOrientationLandscapeRight";
				INFOPLIST_KEY_UISupportedInterfaceOrientations_iPhone = "UIInterfaceOrientationPortrait UIInterfaceOrientationLandscapeLeft UIInterfaceOrientationLandscapeRight";
				LD_RUNPATH_SEARCH_PATHS = (
					"$(inherited)",
					"@executable_path/Frameworks",
				);
				MARKETING_VERSION = 1.0;
				PRODUCT_BUNDLE_IDENTIFIER = "arjundoel.HobHacks-iOS";
				PRODUCT_NAME = "$(TARGET_NAME)";
				SWIFT_EMIT_LOC_STRINGS = YES;
				SWIFT_VERSION = 5.0;
				TARGETED_DEVICE_FAMILY = "1,2";
			};
			name = Debug;
		};
		72EF60A328281417001A42CD /* Release */ = {
			isa = XCBuildConfiguration;
			buildSettings = {
				ASSETCATALOG_COMPILER_APPICON_NAME = AppIcon;
				ASSETCATALOG_COMPILER_GLOBAL_ACCENT_COLOR_NAME = AccentColor;
				CODE_SIGN_STYLE = Automatic;
				CURRENT_PROJECT_VERSION = 1;
				DEVELOPMENT_ASSET_PATHS = "\"HobHacks_iOS/Preview Content\"";
				DEVELOPMENT_TEAM = C4R639S8VW;
				ENABLE_PREVIEWS = YES;
				GENERATE_INFOPLIST_FILE = YES;
				INFOPLIST_FILE = "HobHacks-iOS-Info.plist";
				INFOPLIST_KEY_LSApplicationCategoryType = "";
				INFOPLIST_KEY_UIApplicationSceneManifest_Generation = YES;
				INFOPLIST_KEY_UIApplicationSupportsIndirectInputEvents = YES;
				INFOPLIST_KEY_UILaunchScreen_Generation = YES;
				INFOPLIST_KEY_UILaunchStoryboardName = "Launch Screen";
				INFOPLIST_KEY_UIStatusBarHidden = NO;
				INFOPLIST_KEY_UISupportedInterfaceOrientations_iPad = "UIInterfaceOrientationPortrait UIInterfaceOrientationPortraitUpsideDown UIInterfaceOrientationLandscapeLeft UIInterfaceOrientationLandscapeRight";
				INFOPLIST_KEY_UISupportedInterfaceOrientations_iPhone = "UIInterfaceOrientationPortrait UIInterfaceOrientationLandscapeLeft UIInterfaceOrientationLandscapeRight";
				LD_RUNPATH_SEARCH_PATHS = (
					"$(inherited)",
					"@executable_path/Frameworks",
				);
				MARKETING_VERSION = 1.0;
				PRODUCT_BUNDLE_IDENTIFIER = "arjundoel.HobHacks-iOS";
				PRODUCT_NAME = "$(TARGET_NAME)";
				SWIFT_EMIT_LOC_STRINGS = YES;
				SWIFT_VERSION = 5.0;
				TARGETED_DEVICE_FAMILY = "1,2";
			};
			name = Release;
		};
/* End XCBuildConfiguration section */

/* Begin XCConfigurationList section */
		72EF608E28281416001A42CD /* Build configuration list for PBXProject "HobHacks_iOS" */ = {
			isa = XCConfigurationList;
			buildConfigurations = (
				72EF609F28281417001A42CD /* Debug */,
				72EF60A028281417001A42CD /* Release */,
			);
			defaultConfigurationIsVisible = 0;
			defaultConfigurationName = Release;
		};
		72EF60A128281417001A42CD /* Build configuration list for PBXNativeTarget "HobHacks_iOS" */ = {
			isa = XCConfigurationList;
			buildConfigurations = (
				72EF60A228281417001A42CD /* Debug */,
				72EF60A328281417001A42CD /* Release */,
			);
			defaultConfigurationIsVisible = 0;
			defaultConfigurationName = Release;
		};
/* End XCConfigurationList section */

/* Begin XCRemoteSwiftPackageReference section */
		721E623F28300FA2004313C8 /* XCRemoteSwiftPackageReference "apollo-ios" */ = {
			isa = XCRemoteSwiftPackageReference;
			repositoryURL = "https://github.com/apollographql/apollo-ios";
			requirement = {
				kind = upToNextMajorVersion;
				minimumVersion = 0.9.5;
			};
		};
		72C9498D2828379D0037B76A /* XCRemoteSwiftPackageReference "FASwiftUI" */ = {
			isa = XCRemoteSwiftPackageReference;
			repositoryURL = "https://github.com/mattmaddux/FASwiftUI.git";
			requirement = {
				kind = upToNextMajorVersion;
				minimumVersion = 1.0.0;
			};
		};
		72C9499B28283B9A0037B76A /* XCRemoteSwiftPackageReference "Awesome" */ = {
			isa = XCRemoteSwiftPackageReference;
			repositoryURL = "https://github.com/LiveUI/Awesome";
			requirement = {
				kind = upToNextMajorVersion;
				minimumVersion = 2.0.0;
			};
		};
/* End XCRemoteSwiftPackageReference section */

/* Begin XCSwiftPackageProductDependency section */
		721E624028300FA2004313C8 /* Apollo */ = {
			isa = XCSwiftPackageProductDependency;
			package = 721E623F28300FA2004313C8 /* XCRemoteSwiftPackageReference "apollo-ios" */;
			productName = Apollo;
		};
		72C9498E2828379D0037B76A /* FASwiftUI */ = {
			isa = XCSwiftPackageProductDependency;
			package = 72C9498D2828379D0037B76A /* XCRemoteSwiftPackageReference "FASwiftUI" */;
			productName = FASwiftUI;
		};
		72C9499C28283B9A0037B76A /* Awesome */ = {
			isa = XCSwiftPackageProductDependency;
			package = 72C9499B28283B9A0037B76A /* XCRemoteSwiftPackageReference "Awesome" */;
			productName = Awesome;
		};
/* End XCSwiftPackageProductDependency section */
	};
	rootObject = 72EF608B28281416001A42CD /* Project object */;
}
